
Microsoft Visual Studio Solution File, Format Version 12.00
# Visual Studio Version 17
VisualStudioVersion = 17.9.34728.123
MinimumVisualStudioVersion = 10.0.40219.1
Project("{8BC9CEB8-8B4A-11D0-8D11-00A0C91BC942}") = "StupidFS", "StupidFS.vcxproj", "{3333B462-ACF5-4758-A0EF-CE5C57A2531F}"
EndProject
Global
	GlobalSection(SolutionConfigurationPlatforms) = preSolution
		Debug|ARM64 = Debug|ARM64
		Debug|x64 = Debug|x64
		Release|ARM64 = Release|ARM64
		Release|x64 = Release|x64
	EndGlobalSection
	GlobalSection(ProjectConfigurationPlatforms) = postSolution
		{3333B462-ACF5-4758-A0EF-CE5C57A2531F}.Debug|ARM64.ActiveCfg = Debug|ARM64
		{3333B462-ACF5-4758-A0EF-CE5C57A2531F}.Debug|ARM64.Build.0 = Debug|ARM64
		{3333B462-ACF5-4758-A0EF-CE5C57A2531F}.Debug|ARM64.Deploy.0 = Debug|ARM64
		{3333B462-ACF5-4758-A0EF-CE5C57A2531F}.Debug|x64.ActiveCfg = Debug|x64
		{3333B462-ACF5-4758-A0EF-CE5C57A2531F}.Debug|x64.Build.0 = Debug|x64
		{3333B462-ACF5-4758-A0EF-CE5C57A2531F}.Debug|x64.Deploy.0 = Debug|x64
		{3333B462-ACF5-4758-A0EF-CE5C57A2531F}.Release|ARM64.ActiveCfg = Release|ARM64
		{3333B462-ACF5-4758-A0EF-CE5C57A2531F}.Release|ARM64.Build.0 = Release|ARM64
		{3333B462-ACF5-4758-A0EF-CE5C57A2531F}.Release|ARM64.Deploy.0 = Release|ARM64
		{3333B462-ACF5-4758-A0EF-CE5C57A2531F}.Release|x64.ActiveCfg = Release|x64
		{3333B462-ACF5-4758-A0EF-CE5C57A2531F}.Release|x64.Build.0 = Release|x64
		{3333B462-ACF5-4758-A0EF-CE5C57A2531F}.Release|x64.Deploy.0 = Release|x64
	EndGlobalSection
	GlobalSection(SolutionProperties) = preSolution
		HideSolutionNode = FALSE
	EndGlobalSection
	GlobalSection(ExtensibilityGlobals) = postSolution
		SolutionGuid = {318DCE2F-6713-4A0D-90D4-1C2837639079}
	EndGlobalSection
EndGlobal
